{
  "name": "farm2",
  "version": "1.0.0",
  "lockfileVersion": 1,
  "requires": true,
  "dependencies": {
    "@babel/runtime": {
      "version": "7.17.9",
      "resolved": "https://registry.npmmirror.com/@babel/runtime/-/runtime-7.17.9.tgz",
      "integrity": "sha512-lSiBBvodq29uShpWGNbgFdKYNiFDo5/HIYsaCEY9ff4sb10x9jizo2+pRrSyF4jKZCXqgzuqBOQKbUm90gQwJg==",
      "requires": {
        "regenerator-runtime": "^0.13.4"
      }
    },
    "@github/clipboard-copy-element": {
      "version": "1.1.2",
      "resolved": "https://registry.npmmirror.com/@github/clipboard-copy-element/-/clipboard-copy-element-1.1.2.tgz",
      "integrity": "sha512-L6CMrcA5we0udafvoSuRCE/Ci/3xrLWKYRGup2IlhxF771bQYsQ2EB1of182pI8ZWM4oxgwzu37+igMeoZjN/A=="
    },
    "dayjs": {
      "version": "1.11.2",
      "resolved": "https://registry.npmmirror.com/dayjs/-/dayjs-1.11.2.tgz",
      "integrity": "sha512-F4LXf1OeU9hrSYRPTTj/6FbO4HTjPKXvEIC1P2kcnFurViINCVk3ZV0xAS3XVx9MkMsXbbqlK6hjseaYbgKEHw=="
    },
    "hybrids": {
      "version": "7.1.0",
      "resolved": "https://registry.npmmirror.com/hybrids/-/hybrids-7.1.0.tgz",
      "integrity": "sha512-ZPguGrSfulNM92+e2MyvtFdCDEW4gwi0atHr+GLrD4vc+kLWbYkBdVvYSKXNwMEa1WNfO/6fcegZSd2FHuC/kQ=="
    },
    "regenerator-runtime": {
      "version": "0.13.9",
      "resolved": "https://registry.npmmirror.com/regenerator-runtime/-/regenerator-runtime-0.13.9.tgz",
      "integrity": "sha512-p3VT+cOEgxFsRRA9X4lkI1E+k2/CtnKtU4gcxyaCUreilL/vqI6CdZ3wxVUx3UOUg+gnUOQQcRI7BmSI656MYA=="
    },
    "tdesign-icons-view": {
      "version": "0.0.2",
      "resolved": "https://registry.npmmirror.com/tdesign-icons-view/-/tdesign-icons-view-0.0.2.tgz",
      "integrity": "sha512-Gnusw95bXty4Z0uXzpuPf+jp8kk36ORLvgoKZSM3L1zzeUXNX6unMbSKLyqAMZP/7WtIvOnDW93n11hlmdXkWw==",
      "requires": {
        "@babel/runtime": "^7.16.7",
        "@github/clipboard-copy-element": "^1.1.2",
        "hybrids": "^7.0.3"
      }
    },
    "tdesign-miniprogram": {
      "version": "0.11.0",
      "resolved": "https://registry.npmmirror.com/tdesign-miniprogram/-/tdesign-miniprogram-0.11.0.tgz",
      "integrity": "sha512-D1QTk1POgN7W7t11OMJCcs0ABzHSfIvBKktXRdcEpza0AduX0Bci8/2MAQ9z3NMAFFMTL+zq1M2CnJqvs5HknA==",
      "requires": {
        "dayjs": "^1.10.7",
        "tdesign-icons-view": "^0.0.2"
      }
    }
  }
}
